
Microsoft Visual Studio Solution File, Format Version 12.00
# Visual Studio 15
VisualStudioVersion = 15.0.27130.2026
MinimumVisualStudioVersion = 10.0.40219.1
Project("{FAE04EC0-301F-11D3-BF4B-00C04F79EFBC}") = "RabbitMqApp1", "ConsoleApp1\RabbitMqApp1.csproj", "{F915049D-6F5F-4064-B18E-3365D597D4D3}"
EndProject
Project("{2150E333-8FDC-42A3-9474-1A3956D46DE8}") = "Solution Items", "Solution Items", "{FE939293-DBCD-4E28-BC30-9CEE91783EC8}"
	ProjectSection(SolutionItems) = preProject
		.gitignore = .gitignore
		README.md = README.md
	EndProjectSection
EndProject
Project("{FAE04EC0-301F-11D3-BF4B-00C04F79EFBC}") = "RabbitMq.OneWayMessage.Receiver", "RabbitMq.OneWayMessage.Receiver\RabbitMq.OneWayMessage.Receiver.csproj", "{58D73ACE-9517-4E31-922A-1401A3C4370E}"
EndProject
Project("{FAE04EC0-301F-11D3-BF4B-00C04F79EFBC}") = "RabbitMq.Fanout.Receiver.Accounting", "RabbitMq.Fanout.Receiver.Accounting\RabbitMq.Fanout.Receiver.Accounting.csproj", "{ED60CE7B-5B82-4F81-A232-379EDA3BC6F9}"
EndProject
Project("{FAE04EC0-301F-11D3-BF4B-00C04F79EFBC}") = "RabbitMq.Fanout.Receiver.Management", "RabbitMq.Fanout.Receiver.Management\RabbitMq.Fanout.Receiver.Management.csproj", "{FE1934CE-E0B2-4AB6-BB6C-012EBD31F64A}"
EndProject
Global
	GlobalSection(SolutionConfigurationPlatforms) = preSolution
		Debug|Any CPU = Debug|Any CPU
		Release|Any CPU = Release|Any CPU
	EndGlobalSection
	GlobalSection(ProjectConfigurationPlatforms) = postSolution
		{F915049D-6F5F-4064-B18E-3365D597D4D3}.Debug|Any CPU.ActiveCfg = Debug|Any CPU
		{F915049D-6F5F-4064-B18E-3365D597D4D3}.Debug|Any CPU.Build.0 = Debug|Any CPU
		{F915049D-6F5F-4064-B18E-3365D597D4D3}.Release|Any CPU.ActiveCfg = Release|Any CPU
		{F915049D-6F5F-4064-B18E-3365D597D4D3}.Release|Any CPU.Build.0 = Release|Any CPU
		{58D73ACE-9517-4E31-922A-1401A3C4370E}.Debug|Any CPU.ActiveCfg = Debug|Any CPU
		{58D73ACE-9517-4E31-922A-1401A3C4370E}.Debug|Any CPU.Build.0 = Debug|Any CPU
		{58D73ACE-9517-4E31-922A-1401A3C4370E}.Release|Any CPU.ActiveCfg = Release|Any CPU
		{58D73ACE-9517-4E31-922A-1401A3C4370E}.Release|Any CPU.Build.0 = Release|Any CPU
		{ED60CE7B-5B82-4F81-A232-379EDA3BC6F9}.Debug|Any CPU.ActiveCfg = Debug|Any CPU
		{ED60CE7B-5B82-4F81-A232-379EDA3BC6F9}.Debug|Any CPU.Build.0 = Debug|Any CPU
		{ED60CE7B-5B82-4F81-A232-379EDA3BC6F9}.Release|Any CPU.ActiveCfg = Release|Any CPU
		{ED60CE7B-5B82-4F81-A232-379EDA3BC6F9}.Release|Any CPU.Build.0 = Release|Any CPU
		{FE1934CE-E0B2-4AB6-BB6C-012EBD31F64A}.Debug|Any CPU.ActiveCfg = Debug|Any CPU
		{FE1934CE-E0B2-4AB6-BB6C-012EBD31F64A}.Debug|Any CPU.Build.0 = Debug|Any CPU
		{FE1934CE-E0B2-4AB6-BB6C-012EBD31F64A}.Release|Any CPU.ActiveCfg = Release|Any CPU
		{FE1934CE-E0B2-4AB6-BB6C-012EBD31F64A}.Release|Any CPU.Build.0 = Release|Any CPU
	EndGlobalSection
	GlobalSection(SolutionProperties) = preSolution
		HideSolutionNode = FALSE
	EndGlobalSection
	GlobalSection(ExtensibilityGlobals) = postSolution
		SolutionGuid = {419E3EB1-ACFC-489B-A98C-9A72D47EDD12}
	EndGlobalSection
EndGlobal
